// !$*UTF8*$!
{
	archiveVersion = 1;
	classes = {
	};
	objectVersion = 46;
	objects = {

/* Begin PBXBuildFile section */
		5F19222719D9D3D900D5C772 /* TwitterAuthHelper.m in Sources */ = {isa = PBXBuildFile; fileRef = 5F19222619D9D3D900D5C772 /* TwitterAuthHelper.m */; };
		5FCB62C1199E7C19008B93DB /* MessagesViewController.swift in Sources */ = {isa = PBXBuildFile; fileRef = 5FCB62C0199E7C19008B93DB /* MessagesViewController.swift */; };
		5FF98CB219A51B8E0041E81A /* Message.swift in Sources */ = {isa = PBXBuildFile; fileRef = 5FF98CB119A51B8E0041E81A /* Message.swift */; };
		5FFF76BF199C191F00AE0269 /* AppDelegate.swift in Sources */ = {isa = PBXBuildFile; fileRef = 5FFF76BE199C191F00AE0269 /* AppDelegate.swift */; };
		5FFF76C4199C191F00AE0269 /* Main.storyboard in Resources */ = {isa = PBXBuildFile; fileRef = 5FFF76C2199C191F00AE0269 /* Main.storyboard */; };
		5FFF76C6199C191F00AE0269 /* Images.xcassets in Resources */ = {isa = PBXBuildFile; fileRef = 5FFF76C5199C191F00AE0269 /* Images.xcassets */; };
		5FFF76D2199C191F00AE0269 /* FireChat_SwiftTests.swift in Sources */ = {isa = PBXBuildFile; fileRef = 5FFF76D1199C191F00AE0269 /* FireChat_SwiftTests.swift */; };
		5FFF76DC199C192600AE0269 /* libc++.dylib in Frameworks */ = {isa = PBXBuildFile; fileRef = 5FFF76DB199C192600AE0269 /* libc++.dylib */; };
		5FFF76DE199C192900AE0269 /* libicucore.dylib in Frameworks */ = {isa = PBXBuildFile; fileRef = 5FFF76DD199C192900AE0269 /* libicucore.dylib */; };
		5FFF76E0199C193200AE0269 /* SystemConfiguration.framework in Frameworks */ = {isa = PBXBuildFile; fileRef = 5FFF76DF199C193200AE0269 /* SystemConfiguration.framework */; };
		5FFF76E2199C193700AE0269 /* CFNetwork.framework in Frameworks */ = {isa = PBXBuildFile; fileRef = 5FFF76E1199C193700AE0269 /* CFNetwork.framework */; };
		5FFF76E4199C194800AE0269 /* Security.framework in Frameworks */ = {isa = PBXBuildFile; fileRef = 5FFF76E3199C194800AE0269 /* Security.framework */; };
		5FFF76E8199C19CF00AE0269 /* Firebase.framework in Frameworks */ = {isa = PBXBuildFile; fileRef = 5FFF76E7199C19CF00AE0269 /* Firebase.framework */; };
		5FFF77D7199C1F6C00AE0269 /* bubble.png in Resources */ = {isa = PBXBuildFile; fileRef = 5FFF7784199C1F6C00AE0269 /* bubble.png */; };
		5FFF77D8199C1F6C00AE0269 /* bubble@2x.png in Resources */ = {isa = PBXBuildFile; fileRef = 5FFF7785199C1F6C00AE0269 /* bubble@2x.png */; };
		5FFF77D9199C1F6C00AE0269 /* bubble_min.png in Resources */ = {isa = PBXBuildFile; fileRef = 5FFF7786199C1F6C00AE0269 /* bubble_min.png */; };
		5FFF77DA199C1F6C00AE0269 /* bubble_min@2x.png in Resources */ = {isa = PBXBuildFile; fileRef = 5FFF7787199C1F6C00AE0269 /* bubble_min@2x.png */; };
		5FFF77DB199C1F6C00AE0269 /* bubble_min_tailless.png in Resources */ = {isa = PBXBuildFile; fileRef = 5FFF7788199C1F6C00AE0269 /* bubble_min_tailless.png */; };
		5FFF77DC199C1F6C00AE0269 /* bubble_min_tailless@2x.png in Resources */ = {isa = PBXBuildFile; fileRef = 5FFF7789199C1F6C00AE0269 /* bubble_min_tailless@2x.png */; };
		5FFF77DD199C1F6C00AE0269 /* bubble_stroked.png in Resources */ = {isa = PBXBuildFile; fileRef = 5FFF778A199C1F6C00AE0269 /* bubble_stroked.png */; };
		5FFF77DE199C1F6C00AE0269 /* bubble_stroked@2x.png in Resources */ = {isa = PBXBuildFile; fileRef = 5FFF778B199C1F6C00AE0269 /* bubble_stroked@2x.png */; };
		5FFF77DF199C1F6C00AE0269 /* bubble_stroked_tailless.png in Resources */ = {isa = PBXBuildFile; fileRef = 5FFF778C199C1F6C00AE0269 /* bubble_stroked_tailless.png */; };
		5FFF77E0199C1F6C00AE0269 /* bubble_stroked_tailless@2x.png in Resources */ = {isa = PBXBuildFile; fileRef = 5FFF778D199C1F6C00AE0269 /* bubble_stroked_tailless@2x.png */; };
		5FFF77E1199C1F6C00AE0269 /* bubble_tailless.png in Resources */ = {isa = PBXBuildFile; fileRef = 5FFF778E199C1F6C00AE0269 /* bubble_tailless.png */; };
		5FFF77E2199C1F6C00AE0269 /* bubble_tailless@2x.png in Resources */ = {isa = PBXBuildFile; fileRef = 5FFF778F199C1F6C00AE0269 /* bubble_tailless@2x.png */; };
		5FFF77E3199C1F6C00AE0269 /* camera.png in Resources */ = {isa = PBXBuildFile; fileRef = 5FFF7790199C1F6C00AE0269 /* camera.png */; };
		5FFF77E4199C1F6C00AE0269 /* camera@2x.png in Resources */ = {isa = PBXBuildFile; fileRef = 5FFF7791199C1F6C00AE0269 /* camera@2x.png */; };
		5FFF77E5199C1F6C00AE0269 /* typing.png in Resources */ = {isa = PBXBuildFile; fileRef = 5FFF7792199C1F6C00AE0269 /* typing.png */; };
		5FFF77E6199C1F6C00AE0269 /* typing@2x.png in Resources */ = {isa = PBXBuildFile; fileRef = 5FFF7793199C1F6C00AE0269 /* typing@2x.png */; };
		5FFF77E7199C1F6C00AE0269 /* message_received.aiff in Resources */ = {isa = PBXBuildFile; fileRef = 5FFF7795199C1F6C00AE0269 /* message_received.aiff */; };
		5FFF77E8199C1F6C00AE0269 /* message_sent.aiff in Resources */ = {isa = PBXBuildFile; fileRef = 5FFF7796199C1F6C00AE0269 /* message_sent.aiff */; };
		5FFF77E9199C1F6C00AE0269 /* JSQSystemSoundPlayer+JSQMessages.m in Sources */ = {isa = PBXBuildFile; fileRef = 5FFF7799199C1F6C00AE0269 /* JSQSystemSoundPlayer+JSQMessages.m */; };
		5FFF77EA199C1F6C00AE0269 /* NSString+JSQMessages.m in Sources */ = {isa = PBXBuildFile; fileRef = 5FFF779B199C1F6C00AE0269 /* NSString+JSQMessages.m */; };
		5FFF77EB199C1F6C00AE0269 /* UIColor+JSQMessages.m in Sources */ = {isa = PBXBuildFile; fileRef = 5FFF779D199C1F6C00AE0269 /* UIColor+JSQMessages.m */; };
		5FFF77EC199C1F6C00AE0269 /* UIImage+JSQMessages.m in Sources */ = {isa = PBXBuildFile; fileRef = 5FFF779F199C1F6C00AE0269 /* UIImage+JSQMessages.m */; };
		5FFF77ED199C1F6C00AE0269 /* UIView+JSQMessages.m in Sources */ = {isa = PBXBuildFile; fileRef = 5FFF77A1199C1F6C00AE0269 /* UIView+JSQMessages.m */; };
		5FFF77EE199C1F6C00AE0269 /* JSQMessagesKeyboardController.m in Sources */ = {isa = PBXBuildFile; fileRef = 5FFF77A4199C1F6C00AE0269 /* JSQMessagesKeyboardController.m */; };
		5FFF77EF199C1F6C00AE0269 /* JSQMessagesViewController.m in Sources */ = {isa = PBXBuildFile; fileRef = 5FFF77A6199C1F6C00AE0269 /* JSQMessagesViewController.m */; };
		5FFF77F0199C1F6C00AE0269 /* JSQMessagesViewController.xib in Resources */ = {isa = PBXBuildFile; fileRef = 5FFF77A7199C1F6C00AE0269 /* JSQMessagesViewController.xib */; };
		5FFF77F1199C1F6C00AE0269 /* JSQMessagesAvatarFactory.m in Sources */ = {isa = PBXBuildFile; fileRef = 5FFF77AA199C1F6C00AE0269 /* JSQMessagesAvatarFactory.m */; };
		5FFF77F2199C1F6C00AE0269 /* JSQMessagesBubbleImageFactory.m in Sources */ = {isa = PBXBuildFile; fileRef = 5FFF77AC199C1F6C00AE0269 /* JSQMessagesBubbleImageFactory.m */; };
		5FFF77F3199C1F6C00AE0269 /* JSQMessagesTimestampFormatter.m in Sources */ = {isa = PBXBuildFile; fileRef = 5FFF77AE199C1F6C00AE0269 /* JSQMessagesTimestampFormatter.m */; };
		5FFF77F4199C1F6C00AE0269 /* JSQMessagesToolbarButtonFactory.m in Sources */ = {isa = PBXBuildFile; fileRef = 5FFF77B0199C1F6C00AE0269 /* JSQMessagesToolbarButtonFactory.m */; };
		5FFF77F5199C1F6C00AE0269 /* JSQMessagesCollectionViewFlowLayout.m in Sources */ = {isa = PBXBuildFile; fileRef = 5FFF77B4199C1F6C00AE0269 /* JSQMessagesCollectionViewFlowLayout.m */; };
		5FFF77F6199C1F6C00AE0269 /* JSQMessagesCollectionViewFlowLayoutInvalidationContext.m in Sources */ = {isa = PBXBuildFile; fileRef = 5FFF77B6199C1F6C00AE0269 /* JSQMessagesCollectionViewFlowLayoutInvalidationContext.m */; };
		5FFF77F7199C1F6C00AE0269 /* JSQMessagesCollectionViewLayoutAttributes.m in Sources */ = {isa = PBXBuildFile; fileRef = 5FFF77B8199C1F6C00AE0269 /* JSQMessagesCollectionViewLayoutAttributes.m */; };
		5FFF77F8199C1F6C00AE0269 /* JSQMessage.m in Sources */ = {isa = PBXBuildFile; fileRef = 5FFF77BB199C1F6C00AE0269 /* JSQMessage.m */; };
		5FFF77F9199C1F6C00AE0269 /* JSQMessagesCollectionView.m in Sources */ = {isa = PBXBuildFile; fileRef = 5FFF77BF199C1F6C00AE0269 /* JSQMessagesCollectionView.m */; };
		5FFF77FA199C1F6C00AE0269 /* JSQMessagesCollectionViewCell.m in Sources */ = {isa = PBXBuildFile; fileRef = 5FFF77C1199C1F6C00AE0269 /* JSQMessagesCollectionViewCell.m */; };
		5FFF77FB199C1F6C00AE0269 /* JSQMessagesCollectionViewCellIncoming.m in Sources */ = {isa = PBXBuildFile; fileRef = 5FFF77C3199C1F6C00AE0269 /* JSQMessagesCollectionViewCellIncoming.m */; };
		5FFF77FC199C1F6C00AE0269 /* JSQMessagesCollectionViewCellIncoming.xib in Resources */ = {isa = PBXBuildFile; fileRef = 5FFF77C4199C1F6C00AE0269 /* JSQMessagesCollectionViewCellIncoming.xib */; };
		5FFF77FD199C1F6C00AE0269 /* JSQMessagesCollectionViewCellOutgoing.m in Sources */ = {isa = PBXBuildFile; fileRef = 5FFF77C6199C1F6C00AE0269 /* JSQMessagesCollectionViewCellOutgoing.m */; };
		5FFF77FE199C1F6C00AE0269 /* JSQMessagesCollectionViewCellOutgoing.xib in Resources */ = {isa = PBXBuildFile; fileRef = 5FFF77C7199C1F6C00AE0269 /* JSQMessagesCollectionViewCellOutgoing.xib */; };
		5FFF77FF199C1F6C00AE0269 /* JSQMessagesComposerTextView.m in Sources */ = {isa = PBXBuildFile; fileRef = 5FFF77C9199C1F6C00AE0269 /* JSQMessagesComposerTextView.m */; };
		5FFF7800199C1F6C00AE0269 /* JSQMessagesInputToolbar.m in Sources */ = {isa = PBXBuildFile; fileRef = 5FFF77CB199C1F6C00AE0269 /* JSQMessagesInputToolbar.m */; };
		5FFF7801199C1F6C00AE0269 /* JSQMessagesLabel.m in Sources */ = {isa = PBXBuildFile; fileRef = 5FFF77CD199C1F6C00AE0269 /* JSQMessagesLabel.m */; };
		5FFF7802199C1F6C00AE0269 /* JSQMessagesLoadEarlierHeaderView.m in Sources */ = {isa = PBXBuildFile; fileRef = 5FFF77CF199C1F6C00AE0269 /* JSQMessagesLoadEarlierHeaderView.m */; };
		5FFF7803199C1F6C00AE0269 /* JSQMessagesLoadEarlierHeaderView.xib in Resources */ = {isa = PBXBuildFile; fileRef = 5FFF77D0199C1F6C00AE0269 /* JSQMessagesLoadEarlierHeaderView.xib */; };
		5FFF7804199C1F6C00AE0269 /* JSQMessagesToolbarContentView.m in Sources */ = {isa = PBXBuildFile; fileRef = 5FFF77D2199C1F6C00AE0269 /* JSQMessagesToolbarContentView.m */; };
		5FFF7805199C1F6C00AE0269 /* JSQMessagesToolbarContentView.xib in Resources */ = {isa = PBXBuildFile; fileRef = 5FFF77D3199C1F6C00AE0269 /* JSQMessagesToolbarContentView.xib */; };
		5FFF7806199C1F6C00AE0269 /* JSQMessagesTypingIndicatorFooterView.m in Sources */ = {isa = PBXBuildFile; fileRef = 5FFF77D5199C1F6C00AE0269 /* JSQMessagesTypingIndicatorFooterView.m */; };
		5FFF7807199C1F6C00AE0269 /* JSQMessagesTypingIndicatorFooterView.xib in Resources */ = {isa = PBXBuildFile; fileRef = 5FFF77D6199C1F6C00AE0269 /* JSQMessagesTypingIndicatorFooterView.xib */; };
		5FFF780C199C1F9900AE0269 /* JSQSystemSoundPlayer.m in Sources */ = {isa = PBXBuildFile; fileRef = 5FFF780B199C1F9900AE0269 /* JSQSystemSoundPlayer.m */; };
		5FFF780E199C1FC600AE0269 /* QuartzCore.framework in Frameworks */ = {isa = PBXBuildFile; fileRef = 5FFF780D199C1FC600AE0269 /* QuartzCore.framework */; };
		5FFF7810199C1FD900AE0269 /* AudioToolbox.framework in Frameworks */ = {isa = PBXBuildFile; fileRef = 5FFF780F199C1FD900AE0269 /* AudioToolbox.framework */; };
		5FFF7812199C201200AE0269 /* UIKit.framework in Frameworks */ = {isa = PBXBuildFile; fileRef = 5FFF7811199C201200AE0269 /* UIKit.framework */; };
		63891100199E968100B8998F /* LoginViewController.swift in Sources */ = {isa = PBXBuildFile; fileRef = 638910FF199E968100B8998F /* LoginViewController.swift */; };
		63891102199EB21D00B8998F /* FirebaseSimpleLogin.framework in Frameworks */ = {isa = PBXBuildFile; fileRef = 63891101199EB21D00B8998F /* FirebaseSimpleLogin.framework */; };
		63891104199EB24200B8998F /* Accounts.framework in Frameworks */ = {isa = PBXBuildFile; fileRef = 63891103199EB24200B8998F /* Accounts.framework */; };
		63891106199EB24800B8998F /* Social.framework in Frameworks */ = {isa = PBXBuildFile; fileRef = 63891105199EB24800B8998F /* Social.framework */; };
/* End PBXBuildFile section */

/* Begin PBXContainerItemProxy section */
		5FFF76CC199C191F00AE0269 /* PBXContainerItemProxy */ = {
			isa = PBXContainerItemProxy;
			containerPortal = 5FFF76B1199C191F00AE0269 /* Project object */;
			proxyType = 1;
			remoteGlobalIDString = 5FFF76B8199C191F00AE0269;
			remoteInfo = "FireChat-Swift";
		};
/* End PBXContainerItemProxy section */

/* Begin PBXFileReference section */
		5F19222619D9D3D900D5C772 /* TwitterAuthHelper.m */ = {isa = PBXFileReference; fileEncoding = 4; lastKnownFileType = sourcecode.c.objc; path = TwitterAuthHelper.m; sourceTree = "<group>"; };
		5F19222819D9DA1500D5C772 /* TwitterAuthHelper.h */ = {isa = PBXFileReference; lastKnownFileType = sourcecode.c.h; path = TwitterAuthHelper.h; sourceTree = "<group>"; };
		5FCB62C0199E7C19008B93DB /* MessagesViewController.swift */ = {isa = PBXFileReference; fileEncoding = 4; lastKnownFileType = sourcecode.swift; path = MessagesViewController.swift; sourceTree = "<group>"; };
		5FF98CB119A51B8E0041E81A /* Message.swift */ = {isa = PBXFileReference; fileEncoding = 4; lastKnownFileType = sourcecode.swift; path = Message.swift; sourceTree = "<group>"; };
		5FFF76B9199C191F00AE0269 /* FireChat-Swift.app */ = {isa = PBXFileReference; explicitFileType = wrapper.application; includeInIndex = 0; path = "FireChat-Swift.app"; sourceTree = BUILT_PRODUCTS_DIR; };
		5FFF76BD199C191F00AE0269 /* Info.plist */ = {isa = PBXFileReference; lastKnownFileType = text.plist.xml; path = Info.plist; sourceTree = "<group>"; };
		5FFF76BE199C191F00AE0269 /* AppDelegate.swift */ = {isa = PBXFileReference; lastKnownFileType = sourcecode.swift; path = AppDelegate.swift; sourceTree = "<group>"; };
		5FFF76C3199C191F00AE0269 /* Base */ = {isa = PBXFileReference; lastKnownFileType = file.storyboard; name = Base; path = Base.lproj/Main.storyboard; sourceTree = "<group>"; };
		5FFF76C5199C191F00AE0269 /* Images.xcassets */ = {isa = PBXFileReference; lastKnownFileType = folder.assetcatalog; path = Images.xcassets; sourceTree = "<group>"; };
		5FFF76CB199C191F00AE0269 /* FireChat-SwiftTests.xctest */ = {isa = PBXFileReference; explicitFileType = wrapper.cfbundle; includeInIndex = 0; path = "FireChat-SwiftTests.xctest"; sourceTree = BUILT_PRODUCTS_DIR; };
		5FFF76D0199C191F00AE0269 /* Info.plist */ = {isa = PBXFileReference; lastKnownFileType = text.plist.xml; path = Info.plist; sourceTree = "<group>"; };
		5FFF76D1199C191F00AE0269 /* FireChat_SwiftTests.swift */ = {isa = PBXFileReference; lastKnownFileType = sourcecode.swift; path = FireChat_SwiftTests.swift; sourceTree = "<group>"; };
		5FFF76DB199C192600AE0269 /* libc++.dylib */ = {isa = PBXFileReference; lastKnownFileType = "compiled.mach-o.dylib"; name = "libc++.dylib"; path = "usr/lib/libc++.dylib"; sourceTree = SDKROOT; };
		5FFF76DD199C192900AE0269 /* libicucore.dylib */ = {isa = PBXFileReference; lastKnownFileType = "compiled.mach-o.dylib"; name = libicucore.dylib; path = usr/lib/libicucore.dylib; sourceTree = SDKROOT; };
		5FFF76DF199C193200AE0269 /* SystemConfiguration.framework */ = {isa = PBXFileReference; lastKnownFileType = wrapper.framework; name = SystemConfiguration.framework; path = System/Library/Frameworks/SystemConfiguration.framework; sourceTree = SDKROOT; };
		5FFF76E1199C193700AE0269 /* CFNetwork.framework */ = {isa = PBXFileReference; lastKnownFileType = wrapper.framework; name = CFNetwork.framework; path = System/Library/Frameworks/CFNetwork.framework; sourceTree = SDKROOT; };
		5FFF76E3199C194800AE0269 /* Security.framework */ = {isa = PBXFileReference; lastKnownFileType = wrapper.framework; name = Security.framework; path = System/Library/Frameworks/Security.framework; sourceTree = SDKROOT; };
		5FFF76E7199C19CF00AE0269 /* Firebase.framework */ = {isa = PBXFileReference; lastKnownFileType = wrapper.framework; path = Firebase.framework; sourceTree = "<group>"; };
		5FFF76E9199C19EC00AE0269 /* FireChat-Swift-Bridging-Header.h */ = {isa = PBXFileReference; lastKnownFileType = sourcecode.c.h; path = "FireChat-Swift-Bridging-Header.h"; sourceTree = "<group>"; };
		5FFF7784199C1F6C00AE0269 /* bubble.png */ = {isa = PBXFileReference; lastKnownFileType = image.png; path = bubble.png; sourceTree = "<group>"; };
		5FFF7785199C1F6C00AE0269 /* bubble@2x.png */ = {isa = PBXFileReference; lastKnownFileType = image.png; path = "bubble@2x.png"; sourceTree = "<group>"; };
		5FFF7786199C1F6C00AE0269 /* bubble_min.png */ = {isa = PBXFileReference; lastKnownFileType = image.png; path = bubble_min.png; sourceTree = "<group>"; };
		5FFF7787199C1F6C00AE0269 /* bubble_min@2x.png */ = {isa = PBXFileReference; lastKnownFileType = image.png; path = "bubble_min@2x.png"; sourceTree = "<group>"; };
		5FFF7788199C1F6C00AE0269 /* bubble_min_tailless.png */ = {isa = PBXFileReference; lastKnownFileType = image.png; path = bubble_min_tailless.png; sourceTree = "<group>"; };
		5FFF7789199C1F6C00AE0269 /* bubble_min_tailless@2x.png */ = {isa = PBXFileReference; lastKnownFileType = image.png; path = "bubble_min_tailless@2x.png"; sourceTree = "<group>"; };
		5FFF778A199C1F6C00AE0269 /* bubble_stroked.png */ = {isa = PBXFileReference; lastKnownFileType = image.png; path = bubble_stroked.png; sourceTree = "<group>"; };
		5FFF778B199C1F6C00AE0269 /* bubble_stroked@2x.png */ = {isa = PBXFileReference; lastKnownFileType = image.png; path = "bubble_stroked@2x.png"; sourceTree = "<group>"; };
		5FFF778C199C1F6C00AE0269 /* bubble_stroked_tailless.png */ = {isa = PBXFileReference; lastKnownFileType = image.png; path = bubble_stroked_tailless.png; sourceTree = "<group>"; };
		5FFF778D199C1F6C00AE0269 /* bubble_stroked_tailless@2x.png */ = {isa = PBXFileReference; lastKnownFileType = image.png; path = "bubble_stroked_tailless@2x.png"; sourceTree = "<group>"; };
		5FFF778E199C1F6C00AE0269 /* bubble_tailless.png */ = {isa = PBXFileReference; lastKnownFileType = image.png; path = bubble_tailless.png; sourceTree = "<group>"; };
		5FFF778F199C1F6C00AE0269 /* bubble_tailless@2x.png */ = {isa = PBXFileReference; lastKnownFileType = image.png; path = "bubble_tailless@2x.png"; sourceTree = "<group>"; };
		5FFF7790199C1F6C00AE0269 /* camera.png */ = {isa = PBXFileReference; lastKnownFileType = image.png; path = camera.png; sourceTree = "<group>"; };
		5FFF7791199C1F6C00AE0269 /* camera@2x.png */ = {isa = PBXFileReference; lastKnownFileType = image.png; path = "camera@2x.png"; sourceTree = "<group>"; };
		5FFF7792199C1F6C00AE0269 /* typing.png */ = {isa = PBXFileReference; lastKnownFileType = image.png; path = typing.png; sourceTree = "<group>"; };
		5FFF7793199C1F6C00AE0269 /* typing@2x.png */ = {isa = PBXFileReference; lastKnownFileType = image.png; path = "typing@2x.png"; sourceTree = "<group>"; };
		5FFF7795199C1F6C00AE0269 /* message_received.aiff */ = {isa = PBXFileReference; lastKnownFileType = audio.aiff; path = message_received.aiff; sourceTree = "<group>"; };
		5FFF7796199C1F6C00AE0269 /* message_sent.aiff */ = {isa = PBXFileReference; lastKnownFileType = audio.aiff; path = message_sent.aiff; sourceTree = "<group>"; };
		5FFF7798199C1F6C00AE0269 /* JSQSystemSoundPlayer+JSQMessages.h */ = {isa = PBXFileReference; fileEncoding = 4; lastKnownFileType = sourcecode.c.h; path = "JSQSystemSoundPlayer+JSQMessages.h"; sourceTree = "<group>"; };
		5FFF7799199C1F6C00AE0269 /* JSQSystemSoundPlayer+JSQMessages.m */ = {isa = PBXFileReference; fileEncoding = 4; lastKnownFileType = sourcecode.c.objc; path = "JSQSystemSoundPlayer+JSQMessages.m"; sourceTree = "<group>"; };
		5FFF779A199C1F6C00AE0269 /* NSString+JSQMessages.h */ = {isa = PBXFileReference; fileEncoding = 4; lastKnownFileType = sourcecode.c.h; path = "NSString+JSQMessages.h"; sourceTree = "<group>"; };
		5FFF779B199C1F6C00AE0269 /* NSString+JSQMessages.m */ = {isa = PBXFileReference; fileEncoding = 4; lastKnownFileType = sourcecode.c.objc; path = "NSString+JSQMessages.m"; sourceTree = "<group>"; };
		5FFF779C199C1F6C00AE0269 /* UIColor+JSQMessages.h */ = {isa = PBXFileReference; fileEncoding = 4; lastKnownFileType = sourcecode.c.h; path = "UIColor+JSQMessages.h"; sourceTree = "<group>"; };
		5FFF779D199C1F6C00AE0269 /* UIColor+JSQMessages.m */ = {isa = PBXFileReference; fileEncoding = 4; lastKnownFileType = sourcecode.c.objc; path = "UIColor+JSQMessages.m"; sourceTree = "<group>"; };
		5FFF779E199C1F6C00AE0269 /* UIImage+JSQMessages.h */ = {isa = PBXFileReference; fileEncoding = 4; lastKnownFileType = sourcecode.c.h; path = "UIImage+JSQMessages.h"; sourceTree = "<group>"; };
		5FFF779F199C1F6C00AE0269 /* UIImage+JSQMessages.m */ = {isa = PBXFileReference; fileEncoding = 4; lastKnownFileType = sourcecode.c.objc; path = "UIImage+JSQMessages.m"; sourceTree = "<group>"; };
		5FFF77A0199C1F6C00AE0269 /* UIView+JSQMessages.h */ = {isa = PBXFileReference; fileEncoding = 4; lastKnownFileType = sourcecode.c.h; path = "UIView+JSQMessages.h"; sourceTree = "<group>"; };
		5FFF77A1199C1F6C00AE0269 /* UIView+JSQMessages.m */ = {isa = PBXFileReference; fileEncoding = 4; lastKnownFileType = sourcecode.c.objc; path = "UIView+JSQMessages.m"; sourceTree = "<group>"; };
		5FFF77A3199C1F6C00AE0269 /* JSQMessagesKeyboardController.h */ = {isa = PBXFileReference; fileEncoding = 4; lastKnownFileType = sourcecode.c.h; path = JSQMessagesKeyboardController.h; sourceTree = "<group>"; };
		5FFF77A4199C1F6C00AE0269 /* JSQMessagesKeyboardController.m */ = {isa = PBXFileReference; fileEncoding = 4; lastKnownFileType = sourcecode.c.objc; path = JSQMessagesKeyboardController.m; sourceTree = "<group>"; };
		5FFF77A5199C1F6C00AE0269 /* JSQMessagesViewController.h */ = {isa = PBXFileReference; fileEncoding = 4; lastKnownFileType = sourcecode.c.h; path = JSQMessagesViewController.h; sourceTree = "<group>"; };
		5FFF77A6199C1F6C00AE0269 /* JSQMessagesViewController.m */ = {isa = PBXFileReference; fileEncoding = 4; lastKnownFileType = sourcecode.c.objc; path = JSQMessagesViewController.m; sourceTree = "<group>"; };
		5FFF77A7199C1F6C00AE0269 /* JSQMessagesViewController.xib */ = {isa = PBXFileReference; fileEncoding = 4; lastKnownFileType = file.xib; path = JSQMessagesViewController.xib; sourceTree = "<group>"; };
		5FFF77A9199C1F6C00AE0269 /* JSQMessagesAvatarFactory.h */ = {isa = PBXFileReference; fileEncoding = 4; lastKnownFileType = sourcecode.c.h; path = JSQMessagesAvatarFactory.h; sourceTree = "<group>"; };
		5FFF77AA199C1F6C00AE0269 /* JSQMessagesAvatarFactory.m */ = {isa = PBXFileReference; fileEncoding = 4; lastKnownFileType = sourcecode.c.objc; path = JSQMessagesAvatarFactory.m; sourceTree = "<group>"; };
		5FFF77AB199C1F6C00AE0269 /* JSQMessagesBubbleImageFactory.h */ = {isa = PBXFileReference; fileEncoding = 4; lastKnownFileType = sourcecode.c.h; path = JSQMessagesBubbleImageFactory.h; sourceTree = "<group>"; };
		5FFF77AC199C1F6C00AE0269 /* JSQMessagesBubbleImageFactory.m */ = {isa = PBXFileReference; fileEncoding = 4; lastKnownFileType = sourcecode.c.objc; path = JSQMessagesBubbleImageFactory.m; sourceTree = "<group>"; };
		5FFF77AD199C1F6C00AE0269 /* JSQMessagesTimestampFormatter.h */ = {isa = PBXFileReference; fileEncoding = 4; lastKnownFileType = sourcecode.c.h; path = JSQMessagesTimestampFormatter.h; sourceTree = "<group>"; };
		5FFF77AE199C1F6C00AE0269 /* JSQMessagesTimestampFormatter.m */ = {isa = PBXFileReference; fileEncoding = 4; lastKnownFileType = sourcecode.c.objc; path = JSQMessagesTimestampFormatter.m; sourceTree = "<group>"; };
		5FFF77AF199C1F6C00AE0269 /* JSQMessagesToolbarButtonFactory.h */ = {isa = PBXFileReference; fileEncoding = 4; lastKnownFileType = sourcecode.c.h; path = JSQMessagesToolbarButtonFactory.h; sourceTree = "<group>"; };
		5FFF77B0199C1F6C00AE0269 /* JSQMessagesToolbarButtonFactory.m */ = {isa = PBXFileReference; fileEncoding = 4; lastKnownFileType = sourcecode.c.objc; path = JSQMessagesToolbarButtonFactory.m; sourceTree = "<group>"; };
		5FFF77B1199C1F6C00AE0269 /* JSQMessages.h */ = {isa = PBXFileReference; fileEncoding = 4; lastKnownFileType = sourcecode.c.h; path = JSQMessages.h; sourceTree = "<group>"; };
		5FFF77B3199C1F6C00AE0269 /* JSQMessagesCollectionViewFlowLayout.h */ = {isa = PBXFileReference; fileEncoding = 4; lastKnownFileType = sourcecode.c.h; path = JSQMessagesCollectionViewFlowLayout.h; sourceTree = "<group>"; };
		5FFF77B4199C1F6C00AE0269 /* JSQMessagesCollectionViewFlowLayout.m */ = {isa = PBXFileReference; fileEncoding = 4; lastKnownFileType = sourcecode.c.objc; path = JSQMessagesCollectionViewFlowLayout.m; sourceTree = "<group>"; };
		5FFF77B5199C1F6C00AE0269 /* JSQMessagesCollectionViewFlowLayoutInvalidationContext.h */ = {isa = PBXFileReference; fileEncoding = 4; lastKnownFileType = sourcecode.c.h; path = JSQMessagesCollectionViewFlowLayoutInvalidationContext.h; sourceTree = "<group>"; };
		5FFF77B6199C1F6C00AE0269 /* JSQMessagesCollectionViewFlowLayoutInvalidationContext.m */ = {isa = PBXFileReference; fileEncoding = 4; lastKnownFileType = sourcecode.c.objc; path = JSQMessagesCollectionViewFlowLayoutInvalidationContext.m; sourceTree = "<group>"; };
		5FFF77B7199C1F6C00AE0269 /* JSQMessagesCollectionViewLayoutAttributes.h */ = {isa = PBXFileReference; fileEncoding = 4; lastKnownFileType = sourcecode.c.h; path = JSQMessagesCollectionViewLayoutAttributes.h; sourceTree = "<group>"; };
		5FFF77B8199C1F6C00AE0269 /* JSQMessagesCollectionViewLayoutAttributes.m */ = {isa = PBXFileReference; fileEncoding = 4; lastKnownFileType = sourcecode.c.objc; path = JSQMessagesCollectionViewLayoutAttributes.m; sourceTree = "<group>"; };
		5FFF77BA199C1F6C00AE0269 /* JSQMessage.h */ = {isa = PBXFileReference; fileEncoding = 4; lastKnownFileType = sourcecode.c.h; path = JSQMessage.h; sourceTree = "<group>"; };
		5FFF77BB199C1F6C00AE0269 /* JSQMessage.m */ = {isa = PBXFileReference; fileEncoding = 4; lastKnownFileType = sourcecode.c.objc; path = JSQMessage.m; sourceTree = "<group>"; };
		5FFF77BC199C1F6C00AE0269 /* JSQMessageData.h */ = {isa = PBXFileReference; fileEncoding = 4; lastKnownFileType = sourcecode.c.h; path = JSQMessageData.h; sourceTree = "<group>"; };
		5FFF77BE199C1F6C00AE0269 /* JSQMessagesCollectionView.h */ = {isa = PBXFileReference; fileEncoding = 4; lastKnownFileType = sourcecode.c.h; path = JSQMessagesCollectionView.h; sourceTree = "<group>"; };
		5FFF77BF199C1F6C00AE0269 /* JSQMessagesCollectionView.m */ = {isa = PBXFileReference; fileEncoding = 4; lastKnownFileType = sourcecode.c.objc; path = JSQMessagesCollectionView.m; sourceTree = "<group>"; };
		5FFF77C0199C1F6C00AE0269 /* JSQMessagesCollectionViewCell.h */ = {isa = PBXFileReference; fileEncoding = 4; lastKnownFileType = sourcecode.c.h; path = JSQMessagesCollectionViewCell.h; sourceTree = "<group>"; };
		5FFF77C1199C1F6C00AE0269 /* JSQMessagesCollectionViewCell.m */ = {isa = PBXFileReference; fileEncoding = 4; lastKnownFileType = sourcecode.c.objc; path = JSQMessagesCollectionViewCell.m; sourceTree = "<group>"; };
		5FFF77C2199C1F6C00AE0269 /* JSQMessagesCollectionViewCellIncoming.h */ = {isa = PBXFileReference; fileEncoding = 4; lastKnownFileType = sourcecode.c.h; path = JSQMessagesCollectionViewCellIncoming.h; sourceTree = "<group>"; };
		5FFF77C3199C1F6C00AE0269 /* JSQMessagesCollectionViewCellIncoming.m */ = {isa = PBXFileReference; fileEncoding = 4; lastKnownFileType = sourcecode.c.objc; path = JSQMessagesCollectionViewCellIncoming.m; sourceTree = "<group>"; };
		5FFF77C4199C1F6C00AE0269 /* JSQMessagesCollectionViewCellIncoming.xib */ = {isa = PBXFileReference; fileEncoding = 4; lastKnownFileType = file.xib; path = JSQMessagesCollectionViewCellIncoming.xib; sourceTree = "<group>"; };
		5FFF77C5199C1F6C00AE0269 /* JSQMessagesCollectionViewCellOutgoing.h */ = {isa = PBXFileReference; fileEncoding = 4; lastKnownFileType = sourcecode.c.h; path = JSQMessagesCollectionViewCellOutgoing.h; sourceTree = "<group>"; };
		5FFF77C6199C1F6C00AE0269 /* JSQMessagesCollectionViewCellOutgoing.m */ = {isa = PBXFileReference; fileEncoding = 4; lastKnownFileType = sourcecode.c.objc; path = JSQMessagesCollectionViewCellOutgoing.m; sourceTree = "<group>"; };
		5FFF77C7199C1F6C00AE0269 /* JSQMessagesCollectionViewCellOutgoing.xib */ = {isa = PBXFileReference; fileEncoding = 4; lastKnownFileType = file.xib; path = JSQMessagesCollectionViewCellOutgoing.xib; sourceTree = "<group>"; };
		5FFF77C8199C1F6C00AE0269 /* JSQMessagesComposerTextView.h */ = {isa = PBXFileReference; fileEncoding = 4; lastKnownFileType = sourcecode.c.h; path = JSQMessagesComposerTextView.h; sourceTree = "<group>"; };
		5FFF77C9199C1F6C00AE0269 /* JSQMessagesComposerTextView.m */ = {isa = PBXFileReference; fileEncoding = 4; lastKnownFileType = sourcecode.c.objc; path = JSQMessagesComposerTextView.m; sourceTree = "<group>"; };
		5FFF77CA199C1F6C00AE0269 /* JSQMessagesInputToolbar.h */ = {isa = PBXFileReference; fileEncoding = 4; lastKnownFileType = sourcecode.c.h; path = JSQMessagesInputToolbar.h; sourceTree = "<group>"; };
		5FFF77CB199C1F6C00AE0269 /* JSQMessagesInputToolbar.m */ = {isa = PBXFileReference; fileEncoding = 4; lastKnownFileType = sourcecode.c.objc; path = JSQMessagesInputToolbar.m; sourceTree = "<group>"; };
		5FFF77CC199C1F6C00AE0269 /* JSQMessagesLabel.h */ = {isa = PBXFileReference; fileEncoding = 4; lastKnownFileType = sourcecode.c.h; path = JSQMessagesLabel.h; sourceTree = "<group>"; };
		5FFF77CD199C1F6C00AE0269 /* JSQMessagesLabel.m */ = {isa = PBXFileReference; fileEncoding = 4; lastKnownFileType = sourcecode.c.objc; path = JSQMessagesLabel.m; sourceTree = "<group>"; };
		5FFF77CE199C1F6C00AE0269 /* JSQMessagesLoadEarlierHeaderView.h */ = {isa = PBXFileReference; fileEncoding = 4; lastKnownFileType = sourcecode.c.h; path = JSQMessagesLoadEarlierHeaderView.h; sourceTree = "<group>"; };
		5FFF77CF199C1F6C00AE0269 /* JSQMessagesLoadEarlierHeaderView.m */ = {isa = PBXFileReference; fileEncoding = 4; lastKnownFileType = sourcecode.c.objc; path = JSQMessagesLoadEarlierHeaderView.m; sourceTree = "<group>"; };
		5FFF77D0199C1F6C00AE0269 /* JSQMessagesLoadEarlierHeaderView.xib */ = {isa = PBXFileReference; fileEncoding = 4; lastKnownFileType = file.xib; path = JSQMessagesLoadEarlierHeaderView.xib; sourceTree = "<group>"; };
		5FFF77D1199C1F6C00AE0269 /* JSQMessagesToolbarContentView.h */ = {isa = PBXFileReference; fileEncoding = 4; lastKnownFileType = sourcecode.c.h; path = JSQMessagesToolbarContentView.h; sourceTree = "<group>"; };
		5FFF77D2199C1F6C00AE0269 /* JSQMessagesToolbarContentView.m */ = {isa = PBXFileReference; fileEncoding = 4; lastKnownFileType = sourcecode.c.objc; path = JSQMessagesToolbarContentView.m; sourceTree = "<group>"; };
		5FFF77D3199C1F6C00AE0269 /* JSQMessagesToolbarContentView.xib */ = {isa = PBXFileReference; fileEncoding = 4; lastKnownFileType = file.xib; path = JSQMessagesToolbarContentView.xib; sourceTree = "<group>"; };
		5FFF77D4199C1F6C00AE0269 /* JSQMessagesTypingIndicatorFooterView.h */ = {isa = PBXFileReference; fileEncoding = 4; lastKnownFileType = sourcecode.c.h; path = JSQMessagesTypingIndicatorFooterView.h; sourceTree = "<group>"; };
		5FFF77D5199C1F6C00AE0269 /* JSQMessagesTypingIndicatorFooterView.m */ = {isa = PBXFileReference; fileEncoding = 4; lastKnownFileType = sourcecode.c.objc; path = JSQMessagesTypingIndicatorFooterView.m; sourceTree = "<group>"; };
		5FFF77D6199C1F6C00AE0269 /* JSQMessagesTypingIndicatorFooterView.xib */ = {isa = PBXFileReference; fileEncoding = 4; lastKnownFileType = file.xib; path = JSQMessagesTypingIndicatorFooterView.xib; sourceTree = "<group>"; };
		5FFF780A199C1F9900AE0269 /* JSQSystemSoundPlayer.h */ = {isa = PBXFileReference; fileEncoding = 4; lastKnownFileType = sourcecode.c.h; path = JSQSystemSoundPlayer.h; sourceTree = "<group>"; };
		5FFF780B199C1F9900AE0269 /* JSQSystemSoundPlayer.m */ = {isa = PBXFileReference; fileEncoding = 4; lastKnownFileType = sourcecode.c.objc; path = JSQSystemSoundPlayer.m; sourceTree = "<group>"; };
		5FFF780D199C1FC600AE0269 /* QuartzCore.framework */ = {isa = PBXFileReference; lastKnownFileType = wrapper.framework; name = QuartzCore.framework; path = System/Library/Frameworks/QuartzCore.framework; sourceTree = SDKROOT; };
		5FFF780F199C1FD900AE0269 /* AudioToolbox.framework */ = {isa = PBXFileReference; lastKnownFileType = wrapper.framework; name = AudioToolbox.framework; path = System/Library/Frameworks/AudioToolbox.framework; sourceTree = SDKROOT; };
		5FFF7811199C201200AE0269 /* UIKit.framework */ = {isa = PBXFileReference; lastKnownFileType = wrapper.framework; name = UIKit.framework; path = System/Library/Frameworks/UIKit.framework; sourceTree = SDKROOT; };
		638910FF199E968100B8998F /* LoginViewController.swift */ = {isa = PBXFileReference; fileEncoding = 4; lastKnownFileType = sourcecode.swift; path = LoginViewController.swift; sourceTree = "<group>"; };
		63891101199EB21D00B8998F /* FirebaseSimpleLogin.framework */ = {isa = PBXFileReference; lastKnownFileType = wrapper.framework; path = FirebaseSimpleLogin.framework; sourceTree = "<group>"; };
		63891103199EB24200B8998F /* Accounts.framework */ = {isa = PBXFileReference; lastKnownFileType = wrapper.framework; name = Accounts.framework; path = System/Library/Frameworks/Accounts.framework; sourceTree = SDKROOT; };
		63891105199EB24800B8998F /* Social.framework */ = {isa = PBXFileReference; lastKnownFileType = wrapper.framework; name = Social.framework; path = System/Library/Frameworks/Social.framework; sourceTree = SDKROOT; };
/* End PBXFileReference section */

/* Begin PBXFrameworksBuildPhase section */
		5FFF76B6199C191F00AE0269 /* Frameworks */ = {
			isa = PBXFrameworksBuildPhase;
			buildActionMask = 2147483647;
			files = (
				63891106199EB24800B8998F /* Social.framework in Frameworks */,
				63891104199EB24200B8998F /* Accounts.framework in Frameworks */,
				5FFF7812199C201200AE0269 /* UIKit.framework in Frameworks */,
				5FFF7810199C1FD900AE0269 /* AudioToolbox.framework in Frameworks */,
				5FFF780E199C1FC600AE0269 /* QuartzCore.framework in Frameworks */,
				5FFF76E4199C194800AE0269 /* Security.framework in Frameworks */,
				5FFF76E8199C19CF00AE0269 /* Firebase.framework in Frameworks */,
				5FFF76E2199C193700AE0269 /* CFNetwork.framework in Frameworks */,
				5FFF76E0199C193200AE0269 /* SystemConfiguration.framework in Frameworks */,
				5FFF76DE199C192900AE0269 /* libicucore.dylib in Frameworks */,
				5FFF76DC199C192600AE0269 /* libc++.dylib in Frameworks */,
				63891102199EB21D00B8998F /* FirebaseSimpleLogin.framework in Frameworks */,
			);
			runOnlyForDeploymentPostprocessing = 0;
		};
		5FFF76C8199C191F00AE0269 /* Frameworks */ = {
			isa = PBXFrameworksBuildPhase;
			buildActionMask = 2147483647;
			files = (
			);
			runOnlyForDeploymentPostprocessing = 0;
		};
/* End PBXFrameworksBuildPhase section */

/* Begin PBXGroup section */
		5F5814D5199E8D65000E0E87 /* Frameworks */ = {
			isa = PBXGroup;
			children = (
				63891105199EB24800B8998F /* Social.framework */,
				63891103199EB24200B8998F /* Accounts.framework */,
				63891101199EB21D00B8998F /* FirebaseSimpleLogin.framework */,
				5FFF7811199C201200AE0269 /* UIKit.framework */,
				5FFF780F199C1FD900AE0269 /* AudioToolbox.framework */,
				5FFF780D199C1FC600AE0269 /* QuartzCore.framework */,
				5FFF7808199C1F9900AE0269 /* JSQSystemSoundPlayer */,
				5FFF7781199C1F6C00AE0269 /* JSQMessagesViewController */,
				5FFF76E7199C19CF00AE0269 /* Firebase.framework */,
				5FFF76E3199C194800AE0269 /* Security.framework */,
				5FFF76E1199C193700AE0269 /* CFNetwork.framework */,
				5FFF76DF199C193200AE0269 /* SystemConfiguration.framework */,
				5FFF76DD199C192900AE0269 /* libicucore.dylib */,
				5FFF76DB199C192600AE0269 /* libc++.dylib */,
			);
			name = Frameworks;
			sourceTree = "<group>";
		};
		5FFF76B0199C191F00AE0269 = {
			isa = PBXGroup;
			children = (
				5F5814D5199E8D65000E0E87 /* Frameworks */,
				5FFF76BB199C191F00AE0269 /* FireChat-Swift */,
				5FFF76CE199C191F00AE0269 /* FireChat-SwiftTests */,
				5FFF76BA199C191F00AE0269 /* Products */,
			);
			sourceTree = "<group>";
		};
		5FFF76BA199C191F00AE0269 /* Products */ = {
			isa = PBXGroup;
			children = (
				5FFF76B9199C191F00AE0269 /* FireChat-Swift.app */,
				5FFF76CB199C191F00AE0269 /* FireChat-SwiftTests.xctest */,
			);
			name = Products;
			sourceTree = "<group>";
		};
		5FFF76BB199C191F00AE0269 /* FireChat-Swift */ = {
			isa = PBXGroup;
			children = (
				5FFF76BE199C191F00AE0269 /* AppDelegate.swift */,
				5FFF76C2199C191F00AE0269 /* Main.storyboard */,
				5FFF76C5199C191F00AE0269 /* Images.xcassets */,
				5FFF76BC199C191F00AE0269 /* Supporting Files */,
				5FFF76E9199C19EC00AE0269 /* FireChat-Swift-Bridging-Header.h */,
				5FCB62C0199E7C19008B93DB /* MessagesViewController.swift */,
				638910FF199E968100B8998F /* LoginViewController.swift */,
				5FF98CB119A51B8E0041E81A /* Message.swift */,
				5F19222619D9D3D900D5C772 /* TwitterAuthHelper.m */,
				5F19222819D9DA1500D5C772 /* TwitterAuthHelper.h */,
			);
			path = "FireChat-Swift";
			sourceTree = "<group>";
		};
		5FFF76BC199C191F00AE0269 /* Supporting Files */ = {
			isa = PBXGroup;
			children = (
				5FFF76BD199C191F00AE0269 /* Info.plist */,
			);
			name = "Supporting Files";
			sourceTree = "<group>";
		};
		5FFF76CE199C191F00AE0269 /* FireChat-SwiftTests */ = {
			isa = PBXGroup;
			children = (
				5FFF76D1199C191F00AE0269 /* FireChat_SwiftTests.swift */,
				5FFF76CF199C191F00AE0269 /* Supporting Files */,
			);
			path = "FireChat-SwiftTests";
			sourceTree = "<group>";
		};
		5FFF76CF199C191F00AE0269 /* Supporting Files */ = {
			isa = PBXGroup;
			children = (
				5FFF76D0199C191F00AE0269 /* Info.plist */,
			);
			name = "Supporting Files";
			sourceTree = "<group>";
		};
		5FFF7781199C1F6C00AE0269 /* JSQMessagesViewController */ = {
			isa = PBXGroup;
			children = (
				5FFF7782199C1F6C00AE0269 /* Assets */,
				5FFF7797199C1F6C00AE0269 /* Categories */,
				5FFF77A2199C1F6C00AE0269 /* Controllers */,
				5FFF77A8199C1F6C00AE0269 /* Factories */,
				5FFF77B1199C1F6C00AE0269 /* JSQMessages.h */,
				5FFF77B2199C1F6C00AE0269 /* Layout */,
				5FFF77B9199C1F6C00AE0269 /* Model */,
				5FFF77BD199C1F6C00AE0269 /* Views */,
			);
			name = JSQMessagesViewController;
			path = JSQMessagesViewController/JSQMessagesViewController;
			sourceTree = "<group>";
		};
		5FFF7782199C1F6C00AE0269 /* Assets */ = {
			isa = PBXGroup;
			children = (
				5FFF7783199C1F6C00AE0269 /* Images */,
				5FFF7794199C1F6C00AE0269 /* Sounds */,
			);
			path = Assets;
			sourceTree = "<group>";
		};
		5FFF7783199C1F6C00AE0269 /* Images */ = {
			isa = PBXGroup;
			children = (
				5FFF7784199C1F6C00AE0269 /* bubble.png */,
				5FFF7785199C1F6C00AE0269 /* bubble@2x.png */,
				5FFF7786199C1F6C00AE0269 /* bubble_min.png */,
				5FFF7787199C1F6C00AE0269 /* bubble_min@2x.png */,
				5FFF7788199C1F6C00AE0269 /* bubble_min_tailless.png */,
				5FFF7789199C1F6C00AE0269 /* bubble_min_tailless@2x.png */,
				5FFF778A199C1F6C00AE0269 /* bubble_stroked.png */,
				5FFF778B199C1F6C00AE0269 /* bubble_stroked@2x.png */,
				5FFF778C199C1F6C00AE0269 /* bubble_stroked_tailless.png */,
				5FFF778D199C1F6C00AE0269 /* bubble_stroked_tailless@2x.png */,
				5FFF778E199C1F6C00AE0269 /* bubble_tailless.png */,
				5FFF778F199C1F6C00AE0269 /* bubble_tailless@2x.png */,
				5FFF7790199C1F6C00AE0269 /* camera.png */,
				5FFF7791199C1F6C00AE0269 /* camera@2x.png */,
				5FFF7792199C1F6C00AE0269 /* typing.png */,
				5FFF7793199C1F6C00AE0269 /* typing@2x.png */,
			);
			path = Images;
			sourceTree = "<group>";
		};
		5FFF7794199C1F6C00AE0269 /* Sounds */ = {
			isa = PBXGroup;
			children = (
				5FFF7795199C1F6C00AE0269 /* message_received.aiff */,
				5FFF7796199C1F6C00AE0269 /* message_sent.aiff */,
			);
			path = Sounds;
			sourceTree = "<group>";
		};
		5FFF7797199C1F6C00AE0269 /* Categories */ = {
			isa = PBXGroup;
			children = (
				5FFF7798199C1F6C00AE0269 /* JSQSystemSoundPlayer+JSQMessages.h */,
				5FFF7799199C1F6C00AE0269 /* JSQSystemSoundPlayer+JSQMessages.m */,
				5FFF779A199C1F6C00AE0269 /* NSString+JSQMessages.h */,
				5FFF779B199C1F6C00AE0269 /* NSString+JSQMessages.m */,
				5FFF779C199C1F6C00AE0269 /* UIColor+JSQMessages.h */,
				5FFF779D199C1F6C00AE0269 /* UIColor+JSQMessages.m */,
				5FFF779E199C1F6C00AE0269 /* UIImage+JSQMessages.h */,
				5FFF779F199C1F6C00AE0269 /* UIImage+JSQMessages.m */,
				5FFF77A0199C1F6C00AE0269 /* UIView+JSQMessages.h */,
				5FFF77A1199C1F6C00AE0269 /* UIView+JSQMessages.m */,
			);
			path = Categories;
			sourceTree = "<group>";
		};
		5FFF77A2199C1F6C00AE0269 /* Controllers */ = {
			isa = PBXGroup;
			children = (
				5FFF77A3199C1F6C00AE0269 /* JSQMessagesKeyboardController.h */,
				5FFF77A4199C1F6C00AE0269 /* JSQMessagesKeyboardController.m */,
				5FFF77A5199C1F6C00AE0269 /* JSQMessagesViewController.h */,
				5FFF77A6199C1F6C00AE0269 /* JSQMessagesViewController.m */,
				5FFF77A7199C1F6C00AE0269 /* JSQMessagesViewController.xib */,
			);
			path = Controllers;
			sourceTree = "<group>";
		};
		5FFF77A8199C1F6C00AE0269 /* Factories */ = {
			isa = PBXGroup;
			children = (
				5FFF77A9199C1F6C00AE0269 /* JSQMessagesAvatarFactory.h */,
				5FFF77AA199C1F6C00AE0269 /* JSQMessagesAvatarFactory.m */,
				5FFF77AB199C1F6C00AE0269 /* JSQMessagesBubbleImageFactory.h */,
				5FFF77AC199C1F6C00AE0269 /* JSQMessagesBubbleImageFactory.m */,
				5FFF77AD199C1F6C00AE0269 /* JSQMessagesTimestampFormatter.h */,
				5FFF77AE199C1F6C00AE0269 /* JSQMessagesTimestampFormatter.m */,
				5FFF77AF199C1F6C00AE0269 /* JSQMessagesToolbarButtonFactory.h */,
				5FFF77B0199C1F6C00AE0269 /* JSQMessagesToolbarButtonFactory.m */,
			);
			path = Factories;
			sourceTree = "<group>";
		};
		5FFF77B2199C1F6C00AE0269 /* Layout */ = {
			isa = PBXGroup;
			children = (
				5FFF77B3199C1F6C00AE0269 /* JSQMessagesCollectionViewFlowLayout.h */,
				5FFF77B4199C1F6C00AE0269 /* JSQMessagesCollectionViewFlowLayout.m */,
				5FFF77B5199C1F6C00AE0269 /* JSQMessagesCollectionViewFlowLayoutInvalidationContext.h */,
				5FFF77B6199C1F6C00AE0269 /* JSQMessagesCollectionViewFlowLayoutInvalidationContext.m */,
				5FFF77B7199C1F6C00AE0269 /* JSQMessagesCollectionViewLayoutAttributes.h */,
				5FFF77B8199C1F6C00AE0269 /* JSQMessagesCollectionViewLayoutAttributes.m */,
			);
			path = Layout;
			sourceTree = "<group>";
		};
		5FFF77B9199C1F6C00AE0269 /* Model */ = {
			isa = PBXGroup;
			children = (
				5FFF77BA199C1F6C00AE0269 /* JSQMessage.h */,
				5FFF77BB199C1F6C00AE0269 /* JSQMessage.m */,
				5FFF77BC199C1F6C00AE0269 /* JSQMessageData.h */,
			);
			path = Model;
			sourceTree = "<group>";
		};
		5FFF77BD199C1F6C00AE0269 /* Views */ = {
			isa = PBXGroup;
			children = (
				5FFF77BE199C1F6C00AE0269 /* JSQMessagesCollectionView.h */,
				5FFF77BF199C1F6C00AE0269 /* JSQMessagesCollectionView.m */,
				5FFF77C0199C1F6C00AE0269 /* JSQMessagesCollectionViewCell.h */,
				5FFF77C1199C1F6C00AE0269 /* JSQMessagesCollectionViewCell.m */,
				5FFF77C2199C1F6C00AE0269 /* JSQMessagesCollectionViewCellIncoming.h */,
				5FFF77C3199C1F6C00AE0269 /* JSQMessagesCollectionViewCellIncoming.m */,
				5FFF77C4199C1F6C00AE0269 /* JSQMessagesCollectionViewCellIncoming.xib */,
				5FFF77C5199C1F6C00AE0269 /* JSQMessagesCollectionViewCellOutgoing.h */,
				5FFF77C6199C1F6C00AE0269 /* JSQMessagesCollectionViewCellOutgoing.m */,
				5FFF77C7199C1F6C00AE0269 /* JSQMessagesCollectionViewCellOutgoing.xib */,
				5FFF77C8199C1F6C00AE0269 /* JSQMessagesComposerTextView.h */,
				5FFF77C9199C1F6C00AE0269 /* JSQMessagesComposerTextView.m */,
				5FFF77CA199C1F6C00AE0269 /* JSQMessagesInputToolbar.h */,
				5FFF77CB199C1F6C00AE0269 /* JSQMessagesInputToolbar.m */,
				5FFF77CC199C1F6C00AE0269 /* JSQMessagesLabel.h */,
				5FFF77CD199C1F6C00AE0269 /* JSQMessagesLabel.m */,
				5FFF77CE199C1F6C00AE0269 /* JSQMessagesLoadEarlierHeaderView.h */,
				5FFF77CF199C1F6C00AE0269 /* JSQMessagesLoadEarlierHeaderView.m */,
				5FFF77D0199C1F6C00AE0269 /* JSQMessagesLoadEarlierHeaderView.xib */,
				5FFF77D1199C1F6C00AE0269 /* JSQMessagesToolbarContentView.h */,
				5FFF77D2199C1F6C00AE0269 /* JSQMessagesToolbarContentView.m */,
				5FFF77D3199C1F6C00AE0269 /* JSQMessagesToolbarContentView.xib */,
				5FFF77D4199C1F6C00AE0269 /* JSQMessagesTypingIndicatorFooterView.h */,
				5FFF77D5199C1F6C00AE0269 /* JSQMessagesTypingIndicatorFooterView.m */,
				5FFF77D6199C1F6C00AE0269 /* JSQMessagesTypingIndicatorFooterView.xib */,
			);
			path = Views;
			sourceTree = "<group>";
		};
		5FFF7808199C1F9900AE0269 /* JSQSystemSoundPlayer */ = {
			isa = PBXGroup;
			children = (
				5FFF7809199C1F9900AE0269 /* Classes */,
			);
			name = JSQSystemSoundPlayer;
			path = JSQSystemSoundPlayer/JSQSystemSoundPlayer;
			sourceTree = "<group>";
		};
		5FFF7809199C1F9900AE0269 /* Classes */ = {
			isa = PBXGroup;
			children = (
				5FFF780A199C1F9900AE0269 /* JSQSystemSoundPlayer.h */,
				5FFF780B199C1F9900AE0269 /* JSQSystemSoundPlayer.m */,
			);
			path = Classes;
			sourceTree = "<group>";
		};
/* End PBXGroup section */

/* Begin PBXNativeTarget section */
		5FFF76B8199C191F00AE0269 /* FireChat-Swift */ = {
			isa = PBXNativeTarget;
			buildConfigurationList = 5FFF76D5199C191F00AE0269 /* Build configuration list for PBXNativeTarget "FireChat-Swift" */;
			buildPhases = (
				5FFF76B5199C191F00AE0269 /* Sources */,
				5FFF76B6199C191F00AE0269 /* Frameworks */,
				5FFF76B7199C191F00AE0269 /* Resources */,
			);
			buildRules = (
			);
			dependencies = (
			);
			name = "FireChat-Swift";
			productName = "FireChat-Swift";
			productReference = 5FFF76B9199C191F00AE0269 /* FireChat-Swift.app */;
			productType = "com.apple.product-type.application";
		};
		5FFF76CA199C191F00AE0269 /* FireChat-SwiftTests */ = {
			isa = PBXNativeTarget;
			buildConfigurationList = 5FFF76D8199C191F00AE0269 /* Build configuration list for PBXNativeTarget "FireChat-SwiftTests" */;
			buildPhases = (
				5FFF76C7199C191F00AE0269 /* Sources */,
				5FFF76C8199C191F00AE0269 /* Frameworks */,
				5FFF76C9199C191F00AE0269 /* Resources */,
			);
			buildRules = (
			);
			dependencies = (
				5FFF76CD199C191F00AE0269 /* PBXTargetDependency */,
			);
			name = "FireChat-SwiftTests";
			productName = "FireChat-SwiftTests";
			productReference = 5FFF76CB199C191F00AE0269 /* FireChat-SwiftTests.xctest */;
			productType = "com.apple.product-type.bundle.unit-test";
		};
/* End PBXNativeTarget section */

/* Begin PBXProject section */
		5FFF76B1199C191F00AE0269 /* Project object */ = {
			isa = PBXProject;
			attributes = {
				LastSwiftMigration = 0730;
				LastSwiftUpdateCheck = 0730;
				LastUpgradeCheck = 0730;
				ORGANIZATIONNAME = Firebase;
				TargetAttributes = {
					5FFF76B8199C191F00AE0269 = {
						CreatedOnToolsVersion = 6.0;
					};
					5FFF76CA199C191F00AE0269 = {
						CreatedOnToolsVersion = 6.0;
						TestTargetID = 5FFF76B8199C191F00AE0269;
					};
				};
			};
			buildConfigurationList = 5FFF76B4199C191F00AE0269 /* Build configuration list for PBXProject "FireChat-Swift" */;
			compatibilityVersion = "Xcode 3.2";
			developmentRegion = English;
			hasScannedForEncodings = 0;
			knownRegions = (
				en,
				Base,
			);
			mainGroup = 5FFF76B0199C191F00AE0269;
			productRefGroup = 5FFF76BA199C191F00AE0269 /* Products */;
			projectDirPath = "";
			projectRoot = "";
			targets = (
				5FFF76B8199C191F00AE0269 /* FireChat-Swift */,
				5FFF76CA199C191F00AE0269 /* FireChat-SwiftTests */,
			);
		};
/* End PBXProject section */

/* Begin PBXResourcesBuildPhase section */
		5FFF76B7199C191F00AE0269 /* Resources */ = {
			isa = PBXResourcesBuildPhase;
			buildActionMask = 2147483647;
			files = (
				5FFF76C4199C191F00AE0269 /* Main.storyboard in Resources */,
				5FFF76C6199C191F00AE0269 /* Images.xcassets in Resources */,
				5FFF77DB199C1F6C00AE0269 /* bubble_min_tailless.png in Resources */,
				5FFF7807199C1F6C00AE0269 /* JSQMessagesTypingIndicatorFooterView.xib in Resources */,
				5FFF77E4199C1F6C00AE0269 /* camera@2x.png in Resources */,
				5FFF77D9199C1F6C00AE0269 /* bubble_min.png in Resources */,
				5FFF77E3199C1F6C00AE0269 /* camera.png in Resources */,
				5FFF77D8199C1F6C00AE0269 /* bubble@2x.png in Resources */,
				5FFF77D7199C1F6C00AE0269 /* bubble.png in Resources */,
				5FFF77E0199C1F6C00AE0269 /* bubble_stroked_tailless@2x.png in Resources */,
				5FFF77E6199C1F6C00AE0269 /* typing@2x.png in Resources */,
				5FFF77E2199C1F6C00AE0269 /* bubble_tailless@2x.png in Resources */,
				5FFF7803199C1F6C00AE0269 /* JSQMessagesLoadEarlierHeaderView.xib in Resources */,
				5FFF77E7199C1F6C00AE0269 /* message_received.aiff in Resources */,
				5FFF77DC199C1F6C00AE0269 /* bubble_min_tailless@2x.png in Resources */,
				5FFF77E1199C1F6C00AE0269 /* bubble_tailless.png in Resources */,
				5FFF77DF199C1F6C00AE0269 /* bubble_stroked_tailless.png in Resources */,
				5FFF77DE199C1F6C00AE0269 /* bubble_stroked@2x.png in Resources */,
				5FFF7805199C1F6C00AE0269 /* JSQMessagesToolbarContentView.xib in Resources */,
				5FFF77E5199C1F6C00AE0269 /* typing.png in Resources */,
				5FFF77DD199C1F6C00AE0269 /* bubble_stroked.png in Resources */,
				5FFF77FE199C1F6C00AE0269 /* JSQMessagesCollectionViewCellOutgoing.xib in Resources */,
				5FFF77DA199C1F6C00AE0269 /* bubble_min@2x.png in Resources */,
				5FFF77FC199C1F6C00AE0269 /* JSQMessagesCollectionViewCellIncoming.xib in Resources */,
				5FFF77E8199C1F6C00AE0269 /* message_sent.aiff in Resources */,
				5FFF77F0199C1F6C00AE0269 /* JSQMessagesViewController.xib in Resources */,
			);
			runOnlyForDeploymentPostprocessing = 0;
		};
		5FFF76C9199C191F00AE0269 /* Resources */ = {
			isa = PBXResourcesBuildPhase;
			buildActionMask = 2147483647;
			files = (
			);
			runOnlyForDeploymentPostprocessing = 0;
		};
/* End PBXResourcesBuildPhase section */

/* Begin PBXSourcesBuildPhase section */
		5FFF76B5199C191F00AE0269 /* Sources */ = {
			isa = PBXSourcesBuildPhase;
			buildActionMask = 2147483647;
			files = (
				5FCB62C1199E7C19008B93DB /* MessagesViewController.swift in Sources */,
				5FFF77EC199C1F6C00AE0269 /* UIImage+JSQMessages.m in Sources */,
				5FFF77F4199C1F6C00AE0269 /* JSQMessagesToolbarButtonFactory.m in Sources */,
				5FFF77EF199C1F6C00AE0269 /* JSQMessagesViewController.m in Sources */,
				5FFF77F9199C1F6C00AE0269 /* JSQMessagesCollectionView.m in Sources */,
				5FFF77F6199C1F6C00AE0269 /* JSQMessagesCollectionViewFlowLayoutInvalidationContext.m in Sources */,
				5FFF7800199C1F6C00AE0269 /* JSQMessagesInputToolbar.m in Sources */,
				5FFF77F2199C1F6C00AE0269 /* JSQMessagesBubbleImageFactory.m in Sources */,
				5FFF7804199C1F6C00AE0269 /* JSQMessagesToolbarContentView.m in Sources */,
				5FFF77ED199C1F6C00AE0269 /* UIView+JSQMessages.m in Sources */,
				5FFF77FB199C1F6C00AE0269 /* JSQMessagesCollectionViewCellIncoming.m in Sources */,
				5FFF77E9199C1F6C00AE0269 /* JSQSystemSoundPlayer+JSQMessages.m in Sources */,
				5FF98CB219A51B8E0041E81A /* Message.swift in Sources */,
				63891100199E968100B8998F /* LoginViewController.swift in Sources */,
				5FFF77EB199C1F6C00AE0269 /* UIColor+JSQMessages.m in Sources */,
				5FFF77FD199C1F6C00AE0269 /* JSQMessagesCollectionViewCellOutgoing.m in Sources */,
				5FFF7806199C1F6C00AE0269 /* JSQMessagesTypingIndicatorFooterView.m in Sources */,
				5FFF77F7199C1F6C00AE0269 /* JSQMessagesCollectionViewLayoutAttributes.m in Sources */,
				5FFF77F1199C1F6C00AE0269 /* JSQMessagesAvatarFactory.m in Sources */,
				5F19222719D9D3D900D5C772 /* TwitterAuthHelper.m in Sources */,
				5FFF77F8199C1F6C00AE0269 /* JSQMessage.m in Sources */,
				5FFF77F3199C1F6C00AE0269 /* JSQMessagesTimestampFormatter.m in Sources */,
				5FFF77FA199C1F6C00AE0269 /* JSQMessagesCollectionViewCell.m in Sources */,
				5FFF77EE199C1F6C00AE0269 /* JSQMessagesKeyboardController.m in Sources */,
				5FFF7801199C1F6C00AE0269 /* JSQMessagesLabel.m in Sources */,
				5FFF7802199C1F6C00AE0269 /* JSQMessagesLoadEarlierHeaderView.m in Sources */,
				5FFF77FF199C1F6C00AE0269 /* JSQMessagesComposerTextView.m in Sources */,
				5FFF77F5199C1F6C00AE0269 /* JSQMessagesCollectionViewFlowLayout.m in Sources */,
				5FFF77EA199C1F6C00AE0269 /* NSString+JSQMessages.m in Sources */,
				5FFF780C199C1F9900AE0269 /* JSQSystemSoundPlayer.m in Sources */,
				5FFF76BF199C191F00AE0269 /* AppDelegate.swift in Sources */,
			);
			runOnlyForDeploymentPostprocessing = 0;
		};
		5FFF76C7199C191F00AE0269 /* Sources */ = {
			isa = PBXSourcesBuildPhase;
			buildActionMask = 2147483647;
			files = (
				5FFF76D2199C191F00AE0269 /* FireChat_SwiftTests.swift in Sources */,
			);
			runOnlyForDeploymentPostprocessing = 0;
		};
/* End PBXSourcesBuildPhase section */

/* Begin PBXTargetDependency section */
		5FFF76CD199C191F00AE0269 /* PBXTargetDependency */ = {
			isa = PBXTargetDependency;
			target = 5FFF76B8199C191F00AE0269 /* FireChat-Swift */;
			targetProxy = 5FFF76CC199C191F00AE0269 /* PBXContainerItemProxy */;
		};
/* End PBXTargetDependency section */

/* Begin PBXVariantGroup section */
		5FFF76C2199C191F00AE0269 /* Main.storyboard */ = {
			isa = PBXVariantGroup;
			children = (
				5FFF76C3199C191F00AE0269 /* Base */,
			);
			name = Main.storyboard;
			sourceTree = "<group>";
		};
/* End PBXVariantGroup section */

/* Begin XCBuildConfiguration section */
		5FFF76D3199C191F00AE0269 /* Debug */ = {
			isa = XCBuildConfiguration;
			buildSettings = {
				ALWAYS_SEARCH_USER_PATHS = NO;
				CLANG_CXX_LANGUAGE_STANDARD = "gnu++0x";
				CLANG_CXX_LIBRARY = "libc++";
				CLANG_ENABLE_MODULES = YES;
				CLANG_ENABLE_OBJC_ARC = YES;
				CLANG_WARN_BOOL_CONVERSION = YES;
				CLANG_WARN_CONSTANT_CONVERSION = YES;
				CLANG_WARN_DIRECT_OBJC_ISA_USAGE = YES_ERROR;
				CLANG_WARN_EMPTY_BODY = YES;
				CLANG_WARN_ENUM_CONVERSION = YES;
				CLANG_WARN_INT_CONVERSION = YES;
				CLANG_WARN_OBJC_ROOT_CLASS = YES_ERROR;
				CLANG_WARN_UNREACHABLE_CODE = YES;
				CLANG_WARN__DUPLICATE_METHOD_MATCH = YES;
				"CODE_SIGN_IDENTITY[sdk=iphoneos*]" = "iPhone Developer";
				COPY_PHASE_STRIP = NO;
				ENABLE_BITCODE = NO;
				ENABLE_STRICT_OBJC_MSGSEND = YES;
				ENABLE_TESTABILITY = YES;
				GCC_C_LANGUAGE_STANDARD = gnu99;
				GCC_DYNAMIC_NO_PIC = NO;
				GCC_OPTIMIZATION_LEVEL = 0;
				GCC_PREPROCESSOR_DEFINITIONS = (
					"DEBUG=1",
					"$(inherited)",
				);
				GCC_SYMBOLS_PRIVATE_EXTERN = NO;
				GCC_WARN_64_TO_32_BIT_CONVERSION = YES;
				GCC_WARN_ABOUT_RETURN_TYPE = YES_ERROR;
				GCC_WARN_UNDECLARED_SELECTOR = YES;
				GCC_WARN_UNINITIALIZED_AUTOS = YES_AGGRESSIVE;
				GCC_WARN_UNUSED_FUNCTION = YES;
				GCC_WARN_UNUSED_VARIABLE = YES;
				IPHONEOS_DEPLOYMENT_TARGET = 8.0;
				MTL_ENABLE_DEBUG_INFO = YES;
				ONLY_ACTIVE_ARCH = YES;
				SDKROOT = iphoneos;
				SWIFT_OPTIMIZATION_LEVEL = "-Onone";
			};
			name = Debug;
		};
		5FFF76D4199C191F00AE0269 /* Release */ = {
			isa = XCBuildConfiguration;
			buildSettings = {
				ALWAYS_SEARCH_USER_PATHS = NO;
				CLANG_CXX_LANGUAGE_STANDARD = "gnu++0x";
				CLANG_CXX_LIBRARY = "libc++";
				CLANG_ENABLE_MODULES = YES;
				CLANG_ENABLE_OBJC_ARC = YES;
				CLANG_WARN_BOOL_CONVERSION = YES;
				CLANG_WARN_CONSTANT_CONVERSION = YES;
				CLANG_WARN_DIRECT_OBJC_ISA_USAGE = YES_ERROR;
				CLANG_WARN_EMPTY_BODY = YES;
				CLANG_WARN_ENUM_CONVERSION = YES;
				CLANG_WARN_INT_CONVERSION = YES;
				CLANG_WARN_OBJC_ROOT_CLASS = YES_ERROR;
				CLANG_WARN_UNREACHABLE_CODE = YES;
				CLANG_WARN__DUPLICATE_METHOD_MATCH = YES;
				"CODE_SIGN_IDENTITY[sdk=iphoneos*]" = "iPhone Developer";
				COPY_PHASE_STRIP = YES;
				ENABLE_BITCODE = NO;
				ENABLE_NS_ASSERTIONS = NO;
				ENABLE_STRICT_OBJC_MSGSEND = YES;
				GCC_C_LANGUAGE_STANDARD = gnu99;
				GCC_WARN_64_TO_32_BIT_CONVERSION = YES;
				GCC_WARN_ABOUT_RETURN_TYPE = YES_ERROR;
				GCC_WARN_UNDECLARED_SELECTOR = YES;
				GCC_WARN_UNINITIALIZED_AUTOS = YES_AGGRESSIVE;
				GCC_WARN_UNUSED_FUNCTION = YES;
				GCC_WARN_UNUSED_VARIABLE = YES;
				IPHONEOS_DEPLOYMENT_TARGET = 8.0;
				MTL_ENABLE_DEBUG_INFO = NO;
				SDKROOT = iphoneos;
				VALIDATE_PRODUCT = YES;
			};
			name = Release;
		};
		5FFF76D6199C191F00AE0269 /* Debug */ = {
			isa = XCBuildConfiguration;
			buildSettings = {
				ASSETCATALOG_COMPILER_APPICON_NAME = AppIcon;
				ASSETCATALOG_COMPILER_LAUNCHIMAGE_NAME = LaunchImage;
				CLANG_ENABLE_MODULES = YES;
				FRAMEWORK_SEARCH_PATHS = (
					"$(inherited)",
					"$(PROJECT_DIR)",
				);
				INFOPLIST_FILE = "FireChat-Swift/Info.plist";
				IPHONEOS_DEPLOYMENT_TARGET = 7.0;
				LD_RUNPATH_SEARCH_PATHS = "$(inherited) @executable_path/Frameworks";
				OTHER_LDFLAGS = "-ObjC";
				PRODUCT_BUNDLE_IDENTIFIER = "com.firebase.$(PRODUCT_NAME:rfc1034identifier)";
				PRODUCT_NAME = "$(TARGET_NAME)";
				SWIFT_OBJC_BRIDGING_HEADER = "FireChat-Swift/FireChat-Swift-Bridging-Header.h";
				SWIFT_OPTIMIZATION_LEVEL = "-Onone";
				TARGETED_DEVICE_FAMILY = 1;
			};
			name = Debug;
		};
		5FFF76D7199C191F00AE0269 /* Release */ = {
			isa = XCBuildConfiguration;
			buildSettings = {
				ASSETCATALOG_COMPILER_APPICON_NAME = AppIcon;
				ASSETCATALOG_COMPILER_LAUNCHIMAGE_NAME = LaunchImage;
				CLANG_ENABLE_MODULES = YES;
				FRAMEWORK_SEARCH_PATHS = (
					"$(inherited)",
					"$(PROJECT_DIR)",
				);
				INFOPLIST_FILE = "FireChat-Swift/Info.plist";
				IPHONEOS_DEPLOYMENT_TARGET = 7.0;
				LD_RUNPATH_SEARCH_PATHS = "$(inherited) @executable_path/Frameworks";
				OTHER_LDFLAGS = "-ObjC";
				PRODUCT_BUNDLE_IDENTIFIER = "com.firebase.$(PRODUCT_NAME:rfc1034identifier)";
				PRODUCT_NAME = "$(TARGET_NAME)";
				SWIFT_OBJC_BRIDGING_HEADER = "FireChat-Swift/FireChat-Swift-Bridging-Header.h";
				TARGETED_DEVICE_FAMILY = 1;
			};
			name = Release;
		};
		5FFF76D9199C191F00AE0269 /* Debug */ = {
			isa = XCBuildConfiguration;
			buildSettings = {
				BUNDLE_LOADER = "$(TEST_HOST)";
				FRAMEWORK_SEARCH_PATHS = (
					"$(SDKROOT)/Developer/Library/Frameworks",
					"$(inherited)",
				);
				GCC_PREPROCESSOR_DEFINITIONS = (
					"DEBUG=1",
					"$(inherited)",
				);
				INFOPLIST_FILE = "FireChat-SwiftTests/Info.plist";
				LD_RUNPATH_SEARCH_PATHS = "$(inherited) @executable_path/Frameworks @loader_path/Frameworks";
				PRODUCT_BUNDLE_IDENTIFIER = "com.firebase.$(PRODUCT_NAME:rfc1034identifier)";
				PRODUCT_NAME = "$(TARGET_NAME)";
				TEST_HOST = "$(BUILT_PRODUCTS_DIR)/FireChat-Swift.app/FireChat-Swift";
			};
			name = Debug;
		};
		5FFF76DA199C191F00AE0269 /* Release */ = {
			isa = XCBuildConfiguration;
			buildSettings = {
				BUNDLE_LOADER = "$(TEST_HOST)";
				FRAMEWORK_SEARCH_PATHS = (
					"$(SDKROOT)/Developer/Library/Frameworks",
					"$(inherited)",
				);
				INFOPLIST_FILE = "FireChat-SwiftTests/Info.plist";
				LD_RUNPATH_SEARCH_PATHS = "$(inherited) @executable_path/Frameworks @loader_path/Frameworks";
				PRODUCT_BUNDLE_IDENTIFIER = "com.firebase.$(PRODUCT_NAME:rfc1034identifier)";
				PRODUCT_NAME = "$(TARGET_NAME)";
				TEST_HOST = "$(BUILT_PRODUCTS_DIR)/FireChat-Swift.app/FireChat-Swift";
			};
			name = Release;
		};
/* End XCBuildConfiguration section */

/* Begin XCConfigurationList section */
		5FFF76B4199C191F00AE0269 /* Build configuration list for PBXProject "FireChat-Swift" */ = {
			isa = XCConfigurationList;
			buildConfigurations = (
				5FFF76D3199C191F00AE0269 /* Debug */,
				5FFF76D4199C191F00AE0269 /* Release */,
			);
			defaultConfigurationIsVisible = 0;
			defaultConfigurationName = Release;
		};
		5FFF76D5199C191F00AE0269 /* Build configuration list for PBXNativeTarget "FireChat-Swift" */ = {
			isa = XCConfigurationList;
			buildConfigurations = (
				5FFF76D6199C191F00AE0269 /* Debug */,
				5FFF76D7199C191F00AE0269 /* Release */,
			);
			defaultConfigurationIsVisible = 0;
			defaultConfigurationName = Release;
		};
		5FFF76D8199C191F00AE0269 /* Build configuration list for PBXNativeTarget "FireChat-SwiftTests" */ = {
			isa = XCConfigurationList;
			buildConfigurations = (
				5FFF76D9199C191F00AE0269 /* Debug */,
				5FFF76DA199C191F00AE0269 /* Release */,
			);
			defaultConfigurationIsVisible = 0;
			defaultConfigurationName = Release;
		};
/* End XCConfigurationList section */
	};
	rootObject = 5FFF76B1199C191F00AE0269 /* Project object */;
}
